
Microsoft Visual Studio Solution File, Format Version 12.00
# Visual Studio 15
VisualStudioVersion = 15.0.28307.329
MinimumVisualStudioVersion = 10.0.40219.1
Project("{FAE04EC0-301F-11D3-BF4B-00C04F79EFBC}") = "MarkCalculator", "MarkCalculator\MarkCalculator.csproj", "{EBE6F7CF-3DC5-4CC5-83F0-1C847036F5B6}"
EndProject
Global
	GlobalSection(SolutionConfigurationPlatforms) = preSolution
		Debug|Any CPU = Debug|Any CPU
		Release|Any CPU = Release|Any CPU
	EndGlobalSection
	GlobalSection(ProjectConfigurationPlatforms) = postSolution
		{EBE6F7CF-3DC5-4CC5-83F0-1C847036F5B6}.Debug|Any CPU.ActiveCfg = Debug|Any CPU
		{EBE6F7CF-3DC5-4CC5-83F0-1C847036F5B6}.Debug|Any CPU.Build.0 = Debug|Any CPU
		{EBE6F7CF-3DC5-4CC5-83F0-1C847036F5B6}.Release|Any CPU.ActiveCfg = Release|Any CPU
		{EBE6F7CF-3DC5-4CC5-83F0-1C847036F5B6}.Release|Any CPU.Build.0 = Release|Any CPU
	EndGlobalSection
	GlobalSection(SolutionProperties) = preSolution
		HideSolutionNode = FALSE
	EndGlobalSection
	GlobalSection(ExtensibilityGlobals) = postSolution
		SolutionGuid = {2AB98499-0C0E-4F9D-AB5C-D5FC0AA80DE8}
	EndGlobalSection
EndGlobal
