
Microsoft Visual Studio Solution File, Format Version 12.00
# Visual Studio 15
VisualStudioVersion = 15.0.28307.329
MinimumVisualStudioVersion = 10.0.40219.1
Project("{FAE04EC0-301F-11D3-BF4B-00C04F79EFBC}") = "MarkCalculator", "MarkCalculator\MarkCalculator.csproj", "{EBE6F7CF-3DC5-4CC5-83F0-1C847036F5B6}"
EndProject
Project("{FAE04EC0-301F-11D3-BF4B-00C04F79EFBC}") = "XamarinMarkCalculator.Android", "XamarinMarkCalculator\XamarinMarkCalculator.Android\XamarinMarkCalculator.Android.csproj", "{405808BF-BD0F-4A35-B06F-8A94045C1684}"
EndProject
Project("{FAE04EC0-301F-11D3-BF4B-00C04F79EFBC}") = "XamarinMarkCalculator.iOS", "XamarinMarkCalculator\XamarinMarkCalculator.iOS\XamarinMarkCalculator.iOS.csproj", "{EC936289-6890-4E43-BFB5-6F1C63038781}"
EndProject
Project("{FAE04EC0-301F-11D3-BF4B-00C04F79EFBC}") = "XamarinMarkCalculator.UWP", "XamarinMarkCalculator\XamarinMarkCalculator.UWP\XamarinMarkCalculator.UWP.csproj", "{D8BC7E07-82A0-4C78-A754-EFD7E43E30C2}"
EndProject
Project("{FAE04EC0-301F-11D3-BF4B-00C04F79EFBC}") = "XamarinMarkCalculator", "XamarinMarkCalculator\XamarinMarkCalculator\XamarinMarkCalculator.csproj", "{8FDFDAC6-49F6-4425-83CC-9CBC35906361}"
EndProject
Project("{2150E333-8FDC-42A3-9474-1A3956D46DE8}") = "client", "client", "{89DD9EBA-068A-4D76-8E0C-E8537FA32095}"
EndProject
Project("{2150E333-8FDC-42A3-9474-1A3956D46DE8}") = "model", "model", "{649BDC78-CE74-4453-B764-AD6986286E41}"
EndProject
Project("{2150E333-8FDC-42A3-9474-1A3956D46DE8}") = "XamarinProject", "XamarinProject", "{60D87132-AB1E-44E8-8541-FB43C1BFBA48}"
EndProject
Project("{FAE04EC0-301F-11D3-BF4B-00C04F79EFBC}") = "ClassLibrary1", "ClassLibrary1\ClassLibrary1.csproj", "{55659E5F-A110-460A-A8CB-EFB383B28356}"
EndProject
Global
	GlobalSection(SolutionConfigurationPlatforms) = preSolution
		Ad-Hoc|Any CPU = Ad-Hoc|Any CPU
		Ad-Hoc|ARM = Ad-Hoc|ARM
		Ad-Hoc|iPhone = Ad-Hoc|iPhone
		Ad-Hoc|iPhoneSimulator = Ad-Hoc|iPhoneSimulator
		Ad-Hoc|x64 = Ad-Hoc|x64
		Ad-Hoc|x86 = Ad-Hoc|x86
		AppStore|Any CPU = AppStore|Any CPU
		AppStore|ARM = AppStore|ARM
		AppStore|iPhone = AppStore|iPhone
		AppStore|iPhoneSimulator = AppStore|iPhoneSimulator
		AppStore|x64 = AppStore|x64
		AppStore|x86 = AppStore|x86
		Debug|Any CPU = Debug|Any CPU
		Debug|ARM = Debug|ARM
		Debug|iPhone = Debug|iPhone
		Debug|iPhoneSimulator = Debug|iPhoneSimulator
		Debug|x64 = Debug|x64
		Debug|x86 = Debug|x86
		Release|Any CPU = Release|Any CPU
		Release|ARM = Release|ARM
		Release|iPhone = Release|iPhone
		Release|iPhoneSimulator = Release|iPhoneSimulator
		Release|x64 = Release|x64
		Release|x86 = Release|x86
	EndGlobalSection
	GlobalSection(ProjectConfigurationPlatforms) = postSolution
		{EBE6F7CF-3DC5-4CC5-83F0-1C847036F5B6}.Ad-Hoc|Any CPU.ActiveCfg = Debug|Any CPU
		{EBE6F7CF-3DC5-4CC5-83F0-1C847036F5B6}.Ad-Hoc|Any CPU.Build.0 = Debug|Any CPU
		{EBE6F7CF-3DC5-4CC5-83F0-1C847036F5B6}.Ad-Hoc|ARM.ActiveCfg = Debug|Any CPU
		{EBE6F7CF-3DC5-4CC5-83F0-1C847036F5B6}.Ad-Hoc|ARM.Build.0 = Debug|Any CPU
		{EBE6F7CF-3DC5-4CC5-83F0-1C847036F5B6}.Ad-Hoc|iPhone.ActiveCfg = Debug|Any CPU
		{EBE6F7CF-3DC5-4CC5-83F0-1C847036F5B6}.Ad-Hoc|iPhone.Build.0 = Debug|Any CPU
		{EBE6F7CF-3DC5-4CC5-83F0-1C847036F5B6}.Ad-Hoc|iPhoneSimulator.ActiveCfg = Debug|Any CPU
		{EBE6F7CF-3DC5-4CC5-83F0-1C847036F5B6}.Ad-Hoc|iPhoneSimulator.Build.0 = Debug|Any CPU
		{EBE6F7CF-3DC5-4CC5-83F0-1C847036F5B6}.Ad-Hoc|x64.ActiveCfg = Debug|Any CPU
		{EBE6F7CF-3DC5-4CC5-83F0-1C847036F5B6}.Ad-Hoc|x64.Build.0 = Debug|Any CPU
		{EBE6F7CF-3DC5-4CC5-83F0-1C847036F5B6}.Ad-Hoc|x86.ActiveCfg = Debug|Any CPU
		{EBE6F7CF-3DC5-4CC5-83F0-1C847036F5B6}.Ad-Hoc|x86.Build.0 = Debug|Any CPU
		{EBE6F7CF-3DC5-4CC5-83F0-1C847036F5B6}.AppStore|Any CPU.ActiveCfg = Debug|Any CPU
		{EBE6F7CF-3DC5-4CC5-83F0-1C847036F5B6}.AppStore|Any CPU.Build.0 = Debug|Any CPU
		{EBE6F7CF-3DC5-4CC5-83F0-1C847036F5B6}.AppStore|ARM.ActiveCfg = Debug|Any CPU
		{EBE6F7CF-3DC5-4CC5-83F0-1C847036F5B6}.AppStore|ARM.Build.0 = Debug|Any CPU
		{EBE6F7CF-3DC5-4CC5-83F0-1C847036F5B6}.AppStore|iPhone.ActiveCfg = Debug|Any CPU
		{EBE6F7CF-3DC5-4CC5-83F0-1C847036F5B6}.AppStore|iPhone.Build.0 = Debug|Any CPU
		{EBE6F7CF-3DC5-4CC5-83F0-1C847036F5B6}.AppStore|iPhoneSimulator.ActiveCfg = Debug|Any CPU
		{EBE6F7CF-3DC5-4CC5-83F0-1C847036F5B6}.AppStore|iPhoneSimulator.Build.0 = Debug|Any CPU
		{EBE6F7CF-3DC5-4CC5-83F0-1C847036F5B6}.AppStore|x64.ActiveCfg = Debug|Any CPU
		{EBE6F7CF-3DC5-4CC5-83F0-1C847036F5B6}.AppStore|x64.Build.0 = Debug|Any CPU
		{EBE6F7CF-3DC5-4CC5-83F0-1C847036F5B6}.AppStore|x86.ActiveCfg = Debug|Any CPU
		{EBE6F7CF-3DC5-4CC5-83F0-1C847036F5B6}.AppStore|x86.Build.0 = Debug|Any CPU
		{EBE6F7CF-3DC5-4CC5-83F0-1C847036F5B6}.Debug|Any CPU.ActiveCfg = Debug|Any CPU
		{EBE6F7CF-3DC5-4CC5-83F0-1C847036F5B6}.Debug|Any CPU.Build.0 = Debug|Any CPU
		{EBE6F7CF-3DC5-4CC5-83F0-1C847036F5B6}.Debug|ARM.ActiveCfg = Debug|Any CPU
		{EBE6F7CF-3DC5-4CC5-83F0-1C847036F5B6}.Debug|ARM.Build.0 = Debug|Any CPU
		{EBE6F7CF-3DC5-4CC5-83F0-1C847036F5B6}.Debug|iPhone.ActiveCfg = Debug|Any CPU
		{EBE6F7CF-3DC5-4CC5-83F0-1C847036F5B6}.Debug|iPhone.Build.0 = Debug|Any CPU
		{EBE6F7CF-3DC5-4CC5-83F0-1C847036F5B6}.Debug|iPhoneSimulator.ActiveCfg = Debug|Any CPU
		{EBE6F7CF-3DC5-4CC5-83F0-1C847036F5B6}.Debug|iPhoneSimulator.Build.0 = Debug|Any CPU
		{EBE6F7CF-3DC5-4CC5-83F0-1C847036F5B6}.Debug|x64.ActiveCfg = Debug|Any CPU
		{EBE6F7CF-3DC5-4CC5-83F0-1C847036F5B6}.Debug|x64.Build.0 = Debug|Any CPU
		{EBE6F7CF-3DC5-4CC5-83F0-1C847036F5B6}.Debug|x86.ActiveCfg = Debug|Any CPU
		{EBE6F7CF-3DC5-4CC5-83F0-1C847036F5B6}.Debug|x86.Build.0 = Debug|Any CPU
		{EBE6F7CF-3DC5-4CC5-83F0-1C847036F5B6}.Release|Any CPU.ActiveCfg = Release|Any CPU
		{EBE6F7CF-3DC5-4CC5-83F0-1C847036F5B6}.Release|Any CPU.Build.0 = Release|Any CPU
		{EBE6F7CF-3DC5-4CC5-83F0-1C847036F5B6}.Release|ARM.ActiveCfg = Release|Any CPU
		{EBE6F7CF-3DC5-4CC5-83F0-1C847036F5B6}.Release|ARM.Build.0 = Release|Any CPU
		{EBE6F7CF-3DC5-4CC5-83F0-1C847036F5B6}.Release|iPhone.ActiveCfg = Release|Any CPU
		{EBE6F7CF-3DC5-4CC5-83F0-1C847036F5B6}.Release|iPhone.Build.0 = Release|Any CPU
		{EBE6F7CF-3DC5-4CC5-83F0-1C847036F5B6}.Release|iPhoneSimulator.ActiveCfg = Release|Any CPU
		{EBE6F7CF-3DC5-4CC5-83F0-1C847036F5B6}.Release|iPhoneSimulator.Build.0 = Release|Any CPU
		{EBE6F7CF-3DC5-4CC5-83F0-1C847036F5B6}.Release|x64.ActiveCfg = Release|Any CPU
		{EBE6F7CF-3DC5-4CC5-83F0-1C847036F5B6}.Release|x64.Build.0 = Release|Any CPU
		{EBE6F7CF-3DC5-4CC5-83F0-1C847036F5B6}.Release|x86.ActiveCfg = Release|Any CPU
		{EBE6F7CF-3DC5-4CC5-83F0-1C847036F5B6}.Release|x86.Build.0 = Release|Any CPU
		{405808BF-BD0F-4A35-B06F-8A94045C1684}.Ad-Hoc|Any CPU.ActiveCfg = Release|Any CPU
		{405808BF-BD0F-4A35-B06F-8A94045C1684}.Ad-Hoc|Any CPU.Build.0 = Release|Any CPU
		{405808BF-BD0F-4A35-B06F-8A94045C1684}.Ad-Hoc|Any CPU.Deploy.0 = Release|Any CPU
		{405808BF-BD0F-4A35-B06F-8A94045C1684}.Ad-Hoc|ARM.ActiveCfg = Release|Any CPU
		{405808BF-BD0F-4A35-B06F-8A94045C1684}.Ad-Hoc|ARM.Build.0 = Release|Any CPU
		{405808BF-BD0F-4A35-B06F-8A94045C1684}.Ad-Hoc|ARM.Deploy.0 = Release|Any CPU
		{405808BF-BD0F-4A35-B06F-8A94045C1684}.Ad-Hoc|iPhone.ActiveCfg = Release|Any CPU
		{405808BF-BD0F-4A35-B06F-8A94045C1684}.Ad-Hoc|iPhone.Build.0 = Release|Any CPU
		{405808BF-BD0F-4A35-B06F-8A94045C1684}.Ad-Hoc|iPhone.Deploy.0 = Release|Any CPU
		{405808BF-BD0F-4A35-B06F-8A94045C1684}.Ad-Hoc|iPhoneSimulator.ActiveCfg = Release|Any CPU
		{405808BF-BD0F-4A35-B06F-8A94045C1684}.Ad-Hoc|iPhoneSimulator.Build.0 = Release|Any CPU
		{405808BF-BD0F-4A35-B06F-8A94045C1684}.Ad-Hoc|iPhoneSimulator.Deploy.0 = Release|Any CPU
		{405808BF-BD0F-4A35-B06F-8A94045C1684}.Ad-Hoc|x64.ActiveCfg = Release|Any CPU
		{405808BF-BD0F-4A35-B06F-8A94045C1684}.Ad-Hoc|x64.Build.0 = Release|Any CPU
		{405808BF-BD0F-4A35-B06F-8A94045C1684}.Ad-Hoc|x64.Deploy.0 = Release|Any CPU
		{405808BF-BD0F-4A35-B06F-8A94045C1684}.Ad-Hoc|x86.ActiveCfg = Release|Any CPU
		{405808BF-BD0F-4A35-B06F-8A94045C1684}.Ad-Hoc|x86.Build.0 = Release|Any CPU
		{405808BF-BD0F-4A35-B06F-8A94045C1684}.Ad-Hoc|x86.Deploy.0 = Release|Any CPU
		{405808BF-BD0F-4A35-B06F-8A94045C1684}.AppStore|Any CPU.ActiveCfg = Release|Any CPU
		{405808BF-BD0F-4A35-B06F-8A94045C1684}.AppStore|Any CPU.Build.0 = Release|Any CPU
		{405808BF-BD0F-4A35-B06F-8A94045C1684}.AppStore|Any CPU.Deploy.0 = Release|Any CPU
		{405808BF-BD0F-4A35-B06F-8A94045C1684}.AppStore|ARM.ActiveCfg = Release|Any CPU
		{405808BF-BD0F-4A35-B06F-8A94045C1684}.AppStore|ARM.Build.0 = Release|Any CPU
		{405808BF-BD0F-4A35-B06F-8A94045C1684}.AppStore|ARM.Deploy.0 = Release|Any CPU
		{405808BF-BD0F-4A35-B06F-8A94045C1684}.AppStore|iPhone.ActiveCfg = Release|Any CPU
		{405808BF-BD0F-4A35-B06F-8A94045C1684}.AppStore|iPhone.Build.0 = Release|Any CPU
		{405808BF-BD0F-4A35-B06F-8A94045C1684}.AppStore|iPhone.Deploy.0 = Release|Any CPU
		{405808BF-BD0F-4A35-B06F-8A94045C1684}.AppStore|iPhoneSimulator.ActiveCfg = Release|Any CPU
		{405808BF-BD0F-4A35-B06F-8A94045C1684}.AppStore|iPhoneSimulator.Build.0 = Release|Any CPU
		{405808BF-BD0F-4A35-B06F-8A94045C1684}.AppStore|iPhoneSimulator.Deploy.0 = Release|Any CPU
		{405808BF-BD0F-4A35-B06F-8A94045C1684}.AppStore|x64.ActiveCfg = Release|Any CPU
		{405808BF-BD0F-4A35-B06F-8A94045C1684}.AppStore|x64.Build.0 = Release|Any CPU
		{405808BF-BD0F-4A35-B06F-8A94045C1684}.AppStore|x64.Deploy.0 = Release|Any CPU
		{405808BF-BD0F-4A35-B06F-8A94045C1684}.AppStore|x86.ActiveCfg = Release|Any CPU
		{405808BF-BD0F-4A35-B06F-8A94045C1684}.AppStore|x86.Build.0 = Release|Any CPU
		{405808BF-BD0F-4A35-B06F-8A94045C1684}.AppStore|x86.Deploy.0 = Release|Any CPU
		{405808BF-BD0F-4A35-B06F-8A94045C1684}.Debug|Any CPU.ActiveCfg = Debug|Any CPU
		{405808BF-BD0F-4A35-B06F-8A94045C1684}.Debug|Any CPU.Build.0 = Debug|Any CPU
		{405808BF-BD0F-4A35-B06F-8A94045C1684}.Debug|Any CPU.Deploy.0 = Debug|Any CPU
		{405808BF-BD0F-4A35-B06F-8A94045C1684}.Debug|ARM.ActiveCfg = Debug|Any CPU
		{405808BF-BD0F-4A35-B06F-8A94045C1684}.Debug|ARM.Build.0 = Debug|Any CPU
		{405808BF-BD0F-4A35-B06F-8A94045C1684}.Debug|ARM.Deploy.0 = Debug|Any CPU
		{405808BF-BD0F-4A35-B06F-8A94045C1684}.Debug|iPhone.ActiveCfg = Debug|Any CPU
		{405808BF-BD0F-4A35-B06F-8A94045C1684}.Debug|iPhone.Build.0 = Debug|Any CPU
		{405808BF-BD0F-4A35-B06F-8A94045C1684}.Debug|iPhone.Deploy.0 = Debug|Any CPU
		{405808BF-BD0F-4A35-B06F-8A94045C1684}.Debug|iPhoneSimulator.ActiveCfg = Debug|Any CPU
		{405808BF-BD0F-4A35-B06F-8A94045C1684}.Debug|iPhoneSimulator.Build.0 = Debug|Any CPU
		{405808BF-BD0F-4A35-B06F-8A94045C1684}.Debug|iPhoneSimulator.Deploy.0 = Debug|Any CPU
		{405808BF-BD0F-4A35-B06F-8A94045C1684}.Debug|x64.ActiveCfg = Debug|Any CPU
		{405808BF-BD0F-4A35-B06F-8A94045C1684}.Debug|x64.Build.0 = Debug|Any CPU
		{405808BF-BD0F-4A35-B06F-8A94045C1684}.Debug|x64.Deploy.0 = Debug|Any CPU
		{405808BF-BD0F-4A35-B06F-8A94045C1684}.Debug|x86.ActiveCfg = Debug|Any CPU
		{405808BF-BD0F-4A35-B06F-8A94045C1684}.Debug|x86.Build.0 = Debug|Any CPU
		{405808BF-BD0F-4A35-B06F-8A94045C1684}.Debug|x86.Deploy.0 = Debug|Any CPU
		{405808BF-BD0F-4A35-B06F-8A94045C1684}.Release|Any CPU.ActiveCfg = Release|Any CPU
		{405808BF-BD0F-4A35-B06F-8A94045C1684}.Release|Any CPU.Build.0 = Release|Any CPU
		{405808BF-BD0F-4A35-B06F-8A94045C1684}.Release|Any CPU.Deploy.0 = Release|Any CPU
		{405808BF-BD0F-4A35-B06F-8A94045C1684}.Release|ARM.ActiveCfg = Release|Any CPU
		{405808BF-BD0F-4A35-B06F-8A94045C1684}.Release|ARM.Build.0 = Release|Any CPU
		{405808BF-BD0F-4A35-B06F-8A94045C1684}.Release|ARM.Deploy.0 = Release|Any CPU
		{405808BF-BD0F-4A35-B06F-8A94045C1684}.Release|iPhone.ActiveCfg = Release|Any CPU
		{405808BF-BD0F-4A35-B06F-8A94045C1684}.Release|iPhone.Build.0 = Release|Any CPU
		{405808BF-BD0F-4A35-B06F-8A94045C1684}.Release|iPhone.Deploy.0 = Release|Any CPU
		{405808BF-BD0F-4A35-B06F-8A94045C1684}.Release|iPhoneSimulator.ActiveCfg = Release|Any CPU
		{405808BF-BD0F-4A35-B06F-8A94045C1684}.Release|iPhoneSimulator.Build.0 = Release|Any CPU
		{405808BF-BD0F-4A35-B06F-8A94045C1684}.Release|iPhoneSimulator.Deploy.0 = Release|Any CPU
		{405808BF-BD0F-4A35-B06F-8A94045C1684}.Release|x64.ActiveCfg = Release|Any CPU
		{405808BF-BD0F-4A35-B06F-8A94045C1684}.Release|x64.Build.0 = Release|Any CPU
		{405808BF-BD0F-4A35-B06F-8A94045C1684}.Release|x64.Deploy.0 = Release|Any CPU
		{405808BF-BD0F-4A35-B06F-8A94045C1684}.Release|x86.ActiveCfg = Release|Any CPU
		{405808BF-BD0F-4A35-B06F-8A94045C1684}.Release|x86.Build.0 = Release|Any CPU
		{405808BF-BD0F-4A35-B06F-8A94045C1684}.Release|x86.Deploy.0 = Release|Any CPU
		{EC936289-6890-4E43-BFB5-6F1C63038781}.Ad-Hoc|Any CPU.ActiveCfg = Ad-Hoc|iPhone
		{EC936289-6890-4E43-BFB5-6F1C63038781}.Ad-Hoc|ARM.ActiveCfg = Ad-Hoc|iPhone
		{EC936289-6890-4E43-BFB5-6F1C63038781}.Ad-Hoc|iPhone.ActiveCfg = Ad-Hoc|iPhone
		{EC936289-6890-4E43-BFB5-6F1C63038781}.Ad-Hoc|iPhone.Build.0 = Ad-Hoc|iPhone
		{EC936289-6890-4E43-BFB5-6F1C63038781}.Ad-Hoc|iPhoneSimulator.ActiveCfg = Ad-Hoc|iPhoneSimulator
		{EC936289-6890-4E43-BFB5-6F1C63038781}.Ad-Hoc|iPhoneSimulator.Build.0 = Ad-Hoc|iPhoneSimulator
		{EC936289-6890-4E43-BFB5-6F1C63038781}.Ad-Hoc|x64.ActiveCfg = Ad-Hoc|iPhone
		{EC936289-6890-4E43-BFB5-6F1C63038781}.Ad-Hoc|x86.ActiveCfg = Ad-Hoc|iPhone
		{EC936289-6890-4E43-BFB5-6F1C63038781}.AppStore|Any CPU.ActiveCfg = AppStore|iPhone
		{EC936289-6890-4E43-BFB5-6F1C63038781}.AppStore|ARM.ActiveCfg = AppStore|iPhone
		{EC936289-6890-4E43-BFB5-6F1C63038781}.AppStore|iPhone.ActiveCfg = AppStore|iPhone
		{EC936289-6890-4E43-BFB5-6F1C63038781}.AppStore|iPhone.Build.0 = AppStore|iPhone
		{EC936289-6890-4E43-BFB5-6F1C63038781}.AppStore|iPhoneSimulator.ActiveCfg = AppStore|iPhoneSimulator
		{EC936289-6890-4E43-BFB5-6F1C63038781}.AppStore|iPhoneSimulator.Build.0 = AppStore|iPhoneSimulator
		{EC936289-6890-4E43-BFB5-6F1C63038781}.AppStore|x64.ActiveCfg = AppStore|iPhone
		{EC936289-6890-4E43-BFB5-6F1C63038781}.AppStore|x86.ActiveCfg = AppStore|iPhone
		{EC936289-6890-4E43-BFB5-6F1C63038781}.Debug|Any CPU.ActiveCfg = Debug|iPhone
		{EC936289-6890-4E43-BFB5-6F1C63038781}.Debug|ARM.ActiveCfg = Debug|iPhone
		{EC936289-6890-4E43-BFB5-6F1C63038781}.Debug|iPhone.ActiveCfg = Debug|iPhone
		{EC936289-6890-4E43-BFB5-6F1C63038781}.Debug|iPhone.Build.0 = Debug|iPhone
		{EC936289-6890-4E43-BFB5-6F1C63038781}.Debug|iPhoneSimulator.ActiveCfg = Debug|iPhoneSimulator
		{EC936289-6890-4E43-BFB5-6F1C63038781}.Debug|iPhoneSimulator.Build.0 = Debug|iPhoneSimulator
		{EC936289-6890-4E43-BFB5-6F1C63038781}.Debug|x64.ActiveCfg = Debug|iPhone
		{EC936289-6890-4E43-BFB5-6F1C63038781}.Debug|x86.ActiveCfg = Debug|iPhone
		{EC936289-6890-4E43-BFB5-6F1C63038781}.Release|Any CPU.ActiveCfg = Release|iPhone
		{EC936289-6890-4E43-BFB5-6F1C63038781}.Release|ARM.ActiveCfg = Release|iPhone
		{EC936289-6890-4E43-BFB5-6F1C63038781}.Release|iPhone.ActiveCfg = Release|iPhone
		{EC936289-6890-4E43-BFB5-6F1C63038781}.Release|iPhone.Build.0 = Release|iPhone
		{EC936289-6890-4E43-BFB5-6F1C63038781}.Release|iPhoneSimulator.ActiveCfg = Release|iPhoneSimulator
		{EC936289-6890-4E43-BFB5-6F1C63038781}.Release|iPhoneSimulator.Build.0 = Release|iPhoneSimulator
		{EC936289-6890-4E43-BFB5-6F1C63038781}.Release|x64.ActiveCfg = Release|iPhone
		{EC936289-6890-4E43-BFB5-6F1C63038781}.Release|x86.ActiveCfg = Release|iPhone
		{D8BC7E07-82A0-4C78-A754-EFD7E43E30C2}.Ad-Hoc|Any CPU.ActiveCfg = Release|x86
		{D8BC7E07-82A0-4C78-A754-EFD7E43E30C2}.Ad-Hoc|Any CPU.Build.0 = Release|x86
		{D8BC7E07-82A0-4C78-A754-EFD7E43E30C2}.Ad-Hoc|Any CPU.Deploy.0 = Release|x86
		{D8BC7E07-82A0-4C78-A754-EFD7E43E30C2}.Ad-Hoc|ARM.ActiveCfg = Release|ARM
		{D8BC7E07-82A0-4C78-A754-EFD7E43E30C2}.Ad-Hoc|ARM.Build.0 = Release|ARM
		{D8BC7E07-82A0-4C78-A754-EFD7E43E30C2}.Ad-Hoc|ARM.Deploy.0 = Release|ARM
		{D8BC7E07-82A0-4C78-A754-EFD7E43E30C2}.Ad-Hoc|iPhone.ActiveCfg = Release|x86
		{D8BC7E07-82A0-4C78-A754-EFD7E43E30C2}.Ad-Hoc|iPhone.Build.0 = Release|x86
		{D8BC7E07-82A0-4C78-A754-EFD7E43E30C2}.Ad-Hoc|iPhone.Deploy.0 = Release|x86
		{D8BC7E07-82A0-4C78-A754-EFD7E43E30C2}.Ad-Hoc|iPhoneSimulator.ActiveCfg = Release|x86
		{D8BC7E07-82A0-4C78-A754-EFD7E43E30C2}.Ad-Hoc|iPhoneSimulator.Build.0 = Release|x86
		{D8BC7E07-82A0-4C78-A754-EFD7E43E30C2}.Ad-Hoc|iPhoneSimulator.Deploy.0 = Release|x86
		{D8BC7E07-82A0-4C78-A754-EFD7E43E30C2}.Ad-Hoc|x64.ActiveCfg = Release|x64
		{D8BC7E07-82A0-4C78-A754-EFD7E43E30C2}.Ad-Hoc|x64.Build.0 = Release|x64
		{D8BC7E07-82A0-4C78-A754-EFD7E43E30C2}.Ad-Hoc|x64.Deploy.0 = Release|x64
		{D8BC7E07-82A0-4C78-A754-EFD7E43E30C2}.Ad-Hoc|x86.ActiveCfg = Release|x86
		{D8BC7E07-82A0-4C78-A754-EFD7E43E30C2}.Ad-Hoc|x86.Build.0 = Release|x86
		{D8BC7E07-82A0-4C78-A754-EFD7E43E30C2}.Ad-Hoc|x86.Deploy.0 = Release|x86
		{D8BC7E07-82A0-4C78-A754-EFD7E43E30C2}.AppStore|Any CPU.ActiveCfg = Release|x86
		{D8BC7E07-82A0-4C78-A754-EFD7E43E30C2}.AppStore|Any CPU.Build.0 = Release|x86
		{D8BC7E07-82A0-4C78-A754-EFD7E43E30C2}.AppStore|Any CPU.Deploy.0 = Release|x86
		{D8BC7E07-82A0-4C78-A754-EFD7E43E30C2}.AppStore|ARM.ActiveCfg = Release|ARM
		{D8BC7E07-82A0-4C78-A754-EFD7E43E30C2}.AppStore|ARM.Build.0 = Release|ARM
		{D8BC7E07-82A0-4C78-A754-EFD7E43E30C2}.AppStore|ARM.Deploy.0 = Release|ARM
		{D8BC7E07-82A0-4C78-A754-EFD7E43E30C2}.AppStore|iPhone.ActiveCfg = Release|x86
		{D8BC7E07-82A0-4C78-A754-EFD7E43E30C2}.AppStore|iPhone.Build.0 = Release|x86
		{D8BC7E07-82A0-4C78-A754-EFD7E43E30C2}.AppStore|iPhone.Deploy.0 = Release|x86
		{D8BC7E07-82A0-4C78-A754-EFD7E43E30C2}.AppStore|iPhoneSimulator.ActiveCfg = Release|x86
		{D8BC7E07-82A0-4C78-A754-EFD7E43E30C2}.AppStore|iPhoneSimulator.Build.0 = Release|x86
		{D8BC7E07-82A0-4C78-A754-EFD7E43E30C2}.AppStore|iPhoneSimulator.Deploy.0 = Release|x86
		{D8BC7E07-82A0-4C78-A754-EFD7E43E30C2}.AppStore|x64.ActiveCfg = Release|x64
		{D8BC7E07-82A0-4C78-A754-EFD7E43E30C2}.AppStore|x64.Build.0 = Release|x64
		{D8BC7E07-82A0-4C78-A754-EFD7E43E30C2}.AppStore|x64.Deploy.0 = Release|x64
		{D8BC7E07-82A0-4C78-A754-EFD7E43E30C2}.AppStore|x86.ActiveCfg = Release|x86
		{D8BC7E07-82A0-4C78-A754-EFD7E43E30C2}.AppStore|x86.Build.0 = Release|x86
		{D8BC7E07-82A0-4C78-A754-EFD7E43E30C2}.AppStore|x86.Deploy.0 = Release|x86
		{D8BC7E07-82A0-4C78-A754-EFD7E43E30C2}.Debug|Any CPU.ActiveCfg = Debug|x86
		{D8BC7E07-82A0-4C78-A754-EFD7E43E30C2}.Debug|ARM.ActiveCfg = Debug|ARM
		{D8BC7E07-82A0-4C78-A754-EFD7E43E30C2}.Debug|ARM.Build.0 = Debug|ARM
		{D8BC7E07-82A0-4C78-A754-EFD7E43E30C2}.Debug|ARM.Deploy.0 = Debug|ARM
		{D8BC7E07-82A0-4C78-A754-EFD7E43E30C2}.Debug|iPhone.ActiveCfg = Debug|x86
		{D8BC7E07-82A0-4C78-A754-EFD7E43E30C2}.Debug|iPhoneSimulator.ActiveCfg = Debug|x86
		{D8BC7E07-82A0-4C78-A754-EFD7E43E30C2}.Debug|x64.ActiveCfg = Debug|x64
		{D8BC7E07-82A0-4C78-A754-EFD7E43E30C2}.Debug|x64.Build.0 = Debug|x64
		{D8BC7E07-82A0-4C78-A754-EFD7E43E30C2}.Debug|x64.Deploy.0 = Debug|x64
		{D8BC7E07-82A0-4C78-A754-EFD7E43E30C2}.Debug|x86.ActiveCfg = Debug|x86
		{D8BC7E07-82A0-4C78-A754-EFD7E43E30C2}.Debug|x86.Build.0 = Debug|x86
		{D8BC7E07-82A0-4C78-A754-EFD7E43E30C2}.Debug|x86.Deploy.0 = Debug|x86
		{D8BC7E07-82A0-4C78-A754-EFD7E43E30C2}.Release|Any CPU.ActiveCfg = Release|x86
		{D8BC7E07-82A0-4C78-A754-EFD7E43E30C2}.Release|ARM.ActiveCfg = Release|ARM
		{D8BC7E07-82A0-4C78-A754-EFD7E43E30C2}.Release|ARM.Build.0 = Release|ARM
		{D8BC7E07-82A0-4C78-A754-EFD7E43E30C2}.Release|ARM.Deploy.0 = Release|ARM
		{D8BC7E07-82A0-4C78-A754-EFD7E43E30C2}.Release|iPhone.ActiveCfg = Release|x86
		{D8BC7E07-82A0-4C78-A754-EFD7E43E30C2}.Release|iPhoneSimulator.ActiveCfg = Release|x86
		{D8BC7E07-82A0-4C78-A754-EFD7E43E30C2}.Release|x64.ActiveCfg = Release|x64
		{D8BC7E07-82A0-4C78-A754-EFD7E43E30C2}.Release|x64.Build.0 = Release|x64
		{D8BC7E07-82A0-4C78-A754-EFD7E43E30C2}.Release|x64.Deploy.0 = Release|x64
		{D8BC7E07-82A0-4C78-A754-EFD7E43E30C2}.Release|x86.ActiveCfg = Release|x86
		{D8BC7E07-82A0-4C78-A754-EFD7E43E30C2}.Release|x86.Build.0 = Release|x86
		{D8BC7E07-82A0-4C78-A754-EFD7E43E30C2}.Release|x86.Deploy.0 = Release|x86
		{8FDFDAC6-49F6-4425-83CC-9CBC35906361}.Ad-Hoc|Any CPU.ActiveCfg = Debug|Any CPU
		{8FDFDAC6-49F6-4425-83CC-9CBC35906361}.Ad-Hoc|Any CPU.Build.0 = Debug|Any CPU
		{8FDFDAC6-49F6-4425-83CC-9CBC35906361}.Ad-Hoc|ARM.ActiveCfg = Debug|Any CPU
		{8FDFDAC6-49F6-4425-83CC-9CBC35906361}.Ad-Hoc|ARM.Build.0 = Debug|Any CPU
		{8FDFDAC6-49F6-4425-83CC-9CBC35906361}.Ad-Hoc|iPhone.ActiveCfg = Debug|Any CPU
		{8FDFDAC6-49F6-4425-83CC-9CBC35906361}.Ad-Hoc|iPhone.Build.0 = Debug|Any CPU
		{8FDFDAC6-49F6-4425-83CC-9CBC35906361}.Ad-Hoc|iPhoneSimulator.ActiveCfg = Debug|Any CPU
		{8FDFDAC6-49F6-4425-83CC-9CBC35906361}.Ad-Hoc|iPhoneSimulator.Build.0 = Debug|Any CPU
		{8FDFDAC6-49F6-4425-83CC-9CBC35906361}.Ad-Hoc|x64.ActiveCfg = Debug|Any CPU
		{8FDFDAC6-49F6-4425-83CC-9CBC35906361}.Ad-Hoc|x64.Build.0 = Debug|Any CPU
		{8FDFDAC6-49F6-4425-83CC-9CBC35906361}.Ad-Hoc|x86.ActiveCfg = Debug|Any CPU
		{8FDFDAC6-49F6-4425-83CC-9CBC35906361}.Ad-Hoc|x86.Build.0 = Debug|Any CPU
		{8FDFDAC6-49F6-4425-83CC-9CBC35906361}.AppStore|Any CPU.ActiveCfg = Debug|Any CPU
		{8FDFDAC6-49F6-4425-83CC-9CBC35906361}.AppStore|Any CPU.Build.0 = Debug|Any CPU
		{8FDFDAC6-49F6-4425-83CC-9CBC35906361}.AppStore|ARM.ActiveCfg = Debug|Any CPU
		{8FDFDAC6-49F6-4425-83CC-9CBC35906361}.AppStore|ARM.Build.0 = Debug|Any CPU
		{8FDFDAC6-49F6-4425-83CC-9CBC35906361}.AppStore|iPhone.ActiveCfg = Debug|Any CPU
		{8FDFDAC6-49F6-4425-83CC-9CBC35906361}.AppStore|iPhone.Build.0 = Debug|Any CPU
		{8FDFDAC6-49F6-4425-83CC-9CBC35906361}.AppStore|iPhoneSimulator.ActiveCfg = Debug|Any CPU
		{8FDFDAC6-49F6-4425-83CC-9CBC35906361}.AppStore|iPhoneSimulator.Build.0 = Debug|Any CPU
		{8FDFDAC6-49F6-4425-83CC-9CBC35906361}.AppStore|x64.ActiveCfg = Debug|Any CPU
		{8FDFDAC6-49F6-4425-83CC-9CBC35906361}.AppStore|x64.Build.0 = Debug|Any CPU
		{8FDFDAC6-49F6-4425-83CC-9CBC35906361}.AppStore|x86.ActiveCfg = Debug|Any CPU
		{8FDFDAC6-49F6-4425-83CC-9CBC35906361}.AppStore|x86.Build.0 = Debug|Any CPU
		{8FDFDAC6-49F6-4425-83CC-9CBC35906361}.Debug|Any CPU.ActiveCfg = Debug|Any CPU
		{8FDFDAC6-49F6-4425-83CC-9CBC35906361}.Debug|Any CPU.Build.0 = Debug|Any CPU
		{8FDFDAC6-49F6-4425-83CC-9CBC35906361}.Debug|ARM.ActiveCfg = Debug|Any CPU
		{8FDFDAC6-49F6-4425-83CC-9CBC35906361}.Debug|ARM.Build.0 = Debug|Any CPU
		{8FDFDAC6-49F6-4425-83CC-9CBC35906361}.Debug|iPhone.ActiveCfg = Debug|Any CPU
		{8FDFDAC6-49F6-4425-83CC-9CBC35906361}.Debug|iPhone.Build.0 = Debug|Any CPU
		{8FDFDAC6-49F6-4425-83CC-9CBC35906361}.Debug|iPhoneSimulator.ActiveCfg = Debug|Any CPU
		{8FDFDAC6-49F6-4425-83CC-9CBC35906361}.Debug|iPhoneSimulator.Build.0 = Debug|Any CPU
		{8FDFDAC6-49F6-4425-83CC-9CBC35906361}.Debug|x64.ActiveCfg = Debug|Any CPU
		{8FDFDAC6-49F6-4425-83CC-9CBC35906361}.Debug|x64.Build.0 = Debug|Any CPU
		{8FDFDAC6-49F6-4425-83CC-9CBC35906361}.Debug|x86.ActiveCfg = Debug|Any CPU
		{8FDFDAC6-49F6-4425-83CC-9CBC35906361}.Debug|x86.Build.0 = Debug|Any CPU
		{8FDFDAC6-49F6-4425-83CC-9CBC35906361}.Release|Any CPU.ActiveCfg = Release|Any CPU
		{8FDFDAC6-49F6-4425-83CC-9CBC35906361}.Release|Any CPU.Build.0 = Release|Any CPU
		{8FDFDAC6-49F6-4425-83CC-9CBC35906361}.Release|ARM.ActiveCfg = Release|Any CPU
		{8FDFDAC6-49F6-4425-83CC-9CBC35906361}.Release|ARM.Build.0 = Release|Any CPU
		{8FDFDAC6-49F6-4425-83CC-9CBC35906361}.Release|iPhone.ActiveCfg = Release|Any CPU
		{8FDFDAC6-49F6-4425-83CC-9CBC35906361}.Release|iPhone.Build.0 = Release|Any CPU
		{8FDFDAC6-49F6-4425-83CC-9CBC35906361}.Release|iPhoneSimulator.ActiveCfg = Release|Any CPU
		{8FDFDAC6-49F6-4425-83CC-9CBC35906361}.Release|iPhoneSimulator.Build.0 = Release|Any CPU
		{8FDFDAC6-49F6-4425-83CC-9CBC35906361}.Release|x64.ActiveCfg = Release|Any CPU
		{8FDFDAC6-49F6-4425-83CC-9CBC35906361}.Release|x64.Build.0 = Release|Any CPU
		{8FDFDAC6-49F6-4425-83CC-9CBC35906361}.Release|x86.ActiveCfg = Release|Any CPU
		{8FDFDAC6-49F6-4425-83CC-9CBC35906361}.Release|x86.Build.0 = Release|Any CPU
		{55659E5F-A110-460A-A8CB-EFB383B28356}.Ad-Hoc|Any CPU.ActiveCfg = Debug|Any CPU
		{55659E5F-A110-460A-A8CB-EFB383B28356}.Ad-Hoc|Any CPU.Build.0 = Debug|Any CPU
		{55659E5F-A110-460A-A8CB-EFB383B28356}.Ad-Hoc|ARM.ActiveCfg = Debug|Any CPU
		{55659E5F-A110-460A-A8CB-EFB383B28356}.Ad-Hoc|ARM.Build.0 = Debug|Any CPU
		{55659E5F-A110-460A-A8CB-EFB383B28356}.Ad-Hoc|iPhone.ActiveCfg = Debug|Any CPU
		{55659E5F-A110-460A-A8CB-EFB383B28356}.Ad-Hoc|iPhone.Build.0 = Debug|Any CPU
		{55659E5F-A110-460A-A8CB-EFB383B28356}.Ad-Hoc|iPhoneSimulator.ActiveCfg = Debug|Any CPU
		{55659E5F-A110-460A-A8CB-EFB383B28356}.Ad-Hoc|iPhoneSimulator.Build.0 = Debug|Any CPU
		{55659E5F-A110-460A-A8CB-EFB383B28356}.Ad-Hoc|x64.ActiveCfg = Debug|Any CPU
		{55659E5F-A110-460A-A8CB-EFB383B28356}.Ad-Hoc|x64.Build.0 = Debug|Any CPU
		{55659E5F-A110-460A-A8CB-EFB383B28356}.Ad-Hoc|x86.ActiveCfg = Debug|Any CPU
		{55659E5F-A110-460A-A8CB-EFB383B28356}.Ad-Hoc|x86.Build.0 = Debug|Any CPU
		{55659E5F-A110-460A-A8CB-EFB383B28356}.AppStore|Any CPU.ActiveCfg = Debug|Any CPU
		{55659E5F-A110-460A-A8CB-EFB383B28356}.AppStore|Any CPU.Build.0 = Debug|Any CPU
		{55659E5F-A110-460A-A8CB-EFB383B28356}.AppStore|ARM.ActiveCfg = Debug|Any CPU
		{55659E5F-A110-460A-A8CB-EFB383B28356}.AppStore|ARM.Build.0 = Debug|Any CPU
		{55659E5F-A110-460A-A8CB-EFB383B28356}.AppStore|iPhone.ActiveCfg = Debug|Any CPU
		{55659E5F-A110-460A-A8CB-EFB383B28356}.AppStore|iPhone.Build.0 = Debug|Any CPU
		{55659E5F-A110-460A-A8CB-EFB383B28356}.AppStore|iPhoneSimulator.ActiveCfg = Debug|Any CPU
		{55659E5F-A110-460A-A8CB-EFB383B28356}.AppStore|iPhoneSimulator.Build.0 = Debug|Any CPU
		{55659E5F-A110-460A-A8CB-EFB383B28356}.AppStore|x64.ActiveCfg = Debug|Any CPU
		{55659E5F-A110-460A-A8CB-EFB383B28356}.AppStore|x64.Build.0 = Debug|Any CPU
		{55659E5F-A110-460A-A8CB-EFB383B28356}.AppStore|x86.ActiveCfg = Debug|Any CPU
		{55659E5F-A110-460A-A8CB-EFB383B28356}.AppStore|x86.Build.0 = Debug|Any CPU
		{55659E5F-A110-460A-A8CB-EFB383B28356}.Debug|Any CPU.ActiveCfg = Debug|Any CPU
		{55659E5F-A110-460A-A8CB-EFB383B28356}.Debug|Any CPU.Build.0 = Debug|Any CPU
		{55659E5F-A110-460A-A8CB-EFB383B28356}.Debug|ARM.ActiveCfg = Debug|Any CPU
		{55659E5F-A110-460A-A8CB-EFB383B28356}.Debug|ARM.Build.0 = Debug|Any CPU
		{55659E5F-A110-460A-A8CB-EFB383B28356}.Debug|iPhone.ActiveCfg = Debug|Any CPU
		{55659E5F-A110-460A-A8CB-EFB383B28356}.Debug|iPhone.Build.0 = Debug|Any CPU
		{55659E5F-A110-460A-A8CB-EFB383B28356}.Debug|iPhoneSimulator.ActiveCfg = Debug|Any CPU
		{55659E5F-A110-460A-A8CB-EFB383B28356}.Debug|iPhoneSimulator.Build.0 = Debug|Any CPU
		{55659E5F-A110-460A-A8CB-EFB383B28356}.Debug|x64.ActiveCfg = Debug|Any CPU
		{55659E5F-A110-460A-A8CB-EFB383B28356}.Debug|x64.Build.0 = Debug|Any CPU
		{55659E5F-A110-460A-A8CB-EFB383B28356}.Debug|x86.ActiveCfg = Debug|Any CPU
		{55659E5F-A110-460A-A8CB-EFB383B28356}.Debug|x86.Build.0 = Debug|Any CPU
		{55659E5F-A110-460A-A8CB-EFB383B28356}.Release|Any CPU.ActiveCfg = Release|Any CPU
		{55659E5F-A110-460A-A8CB-EFB383B28356}.Release|Any CPU.Build.0 = Release|Any CPU
		{55659E5F-A110-460A-A8CB-EFB383B28356}.Release|ARM.ActiveCfg = Release|Any CPU
		{55659E5F-A110-460A-A8CB-EFB383B28356}.Release|ARM.Build.0 = Release|Any CPU
		{55659E5F-A110-460A-A8CB-EFB383B28356}.Release|iPhone.ActiveCfg = Release|Any CPU
		{55659E5F-A110-460A-A8CB-EFB383B28356}.Release|iPhone.Build.0 = Release|Any CPU
		{55659E5F-A110-460A-A8CB-EFB383B28356}.Release|iPhoneSimulator.ActiveCfg = Release|Any CPU
		{55659E5F-A110-460A-A8CB-EFB383B28356}.Release|iPhoneSimulator.Build.0 = Release|Any CPU
		{55659E5F-A110-460A-A8CB-EFB383B28356}.Release|x64.ActiveCfg = Release|Any CPU
		{55659E5F-A110-460A-A8CB-EFB383B28356}.Release|x64.Build.0 = Release|Any CPU
		{55659E5F-A110-460A-A8CB-EFB383B28356}.Release|x86.ActiveCfg = Release|Any CPU
		{55659E5F-A110-460A-A8CB-EFB383B28356}.Release|x86.Build.0 = Release|Any CPU
	EndGlobalSection
	GlobalSection(SolutionProperties) = preSolution
		HideSolutionNode = FALSE
	EndGlobalSection
	GlobalSection(NestedProjects) = preSolution
		{EBE6F7CF-3DC5-4CC5-83F0-1C847036F5B6} = {89DD9EBA-068A-4D76-8E0C-E8537FA32095}
		{405808BF-BD0F-4A35-B06F-8A94045C1684} = {60D87132-AB1E-44E8-8541-FB43C1BFBA48}
		{EC936289-6890-4E43-BFB5-6F1C63038781} = {60D87132-AB1E-44E8-8541-FB43C1BFBA48}
		{D8BC7E07-82A0-4C78-A754-EFD7E43E30C2} = {60D87132-AB1E-44E8-8541-FB43C1BFBA48}
		{8FDFDAC6-49F6-4425-83CC-9CBC35906361} = {60D87132-AB1E-44E8-8541-FB43C1BFBA48}
		{60D87132-AB1E-44E8-8541-FB43C1BFBA48} = {89DD9EBA-068A-4D76-8E0C-E8537FA32095}
		{55659E5F-A110-460A-A8CB-EFB383B28356} = {649BDC78-CE74-4453-B764-AD6986286E41}
	EndGlobalSection
	GlobalSection(ExtensibilityGlobals) = postSolution
		SolutionGuid = {2AB98499-0C0E-4F9D-AB5C-D5FC0AA80DE8}
	EndGlobalSection
EndGlobal
